
Microsoft Visual Studio Solution File, Format Version 12.00
# Visual Studio Version 17
VisualStudioVersion = 17.9.34728.123
MinimumVisualStudioVersion = 10.0.40219.1
Project("{FAE04EC0-301F-11D3-BF4B-00C04F79EFBC}") = "GroceryStore", "GroceryStore.csproj", "{DAD0CE3E-32B4-402B-9C75-005753F31710}"
EndProject
Global
	GlobalSection(SolutionConfigurationPlatforms) = preSolution
		Debug|Any CPU = Debug|Any CPU
		Release|Any CPU = Release|Any CPU
	EndGlobalSection
	GlobalSection(ProjectConfigurationPlatforms) = postSolution
		{DAD0CE3E-32B4-402B-9C75-005753F31710}.Debug|Any CPU.ActiveCfg = Debug|Any CPU
		{DAD0CE3E-32B4-402B-9C75-005753F31710}.Debug|Any CPU.Build.0 = Debug|Any CPU
		{DAD0CE3E-32B4-402B-9C75-005753F31710}.Release|Any CPU.ActiveCfg = Release|Any CPU
		{DAD0CE3E-32B4-402B-9C75-005753F31710}.Release|Any CPU.Build.0 = Release|Any CPU
	EndGlobalSection
	GlobalSection(SolutionProperties) = preSolution
		HideSolutionNode = FALSE
	EndGlobalSection
	GlobalSection(ExtensibilityGlobals) = postSolution
		SolutionGuid = {F11AAACB-F59E-4F77-8FA7-4BBE2AC6B88A}
	EndGlobalSection
EndGlobal
